
Microsoft Visual Studio Solution File, Format Version 12.00
# Visual Studio Version 17
VisualStudioVersion = 17.1.32210.238
MinimumVisualStudioVersion = 10.0.40219.1
Project("{FAE04EC0-301F-11D3-BF4B-00C04F79EFBC}") = "WinFormsApp1", "WinFormsApp1\WinFormsApp1.csproj", "{C57BB6A1-F51D-4061-8F08-2379DF444032}"
EndProject
Global
	GlobalSection(SolutionConfigurationPlatforms) = preSolution
		Debug|Any CPU = Debug|Any CPU
		Release|Any CPU = Release|Any CPU
	EndGlobalSection
	GlobalSection(ProjectConfigurationPlatforms) = postSolution
		{C57BB6A1-F51D-4061-8F08-2379DF444032}.Debug|Any CPU.ActiveCfg = Debug|Any CPU
		{C57BB6A1-F51D-4061-8F08-2379DF444032}.Debug|Any CPU.Build.0 = Debug|Any CPU
		{C57BB6A1-F51D-4061-8F08-2379DF444032}.Release|Any CPU.ActiveCfg = Release|Any CPU
		{C57BB6A1-F51D-4061-8F08-2379DF444032}.Release|Any CPU.Build.0 = Release|Any CPU
	EndGlobalSection
	GlobalSection(SolutionProperties) = preSolution
		HideSolutionNode = FALSE
	EndGlobalSection
	GlobalSection(ExtensibilityGlobals) = postSolution
		SolutionGuid = {C8F583DF-D570-49A9-85B4-E0025888DAE0}
	EndGlobalSection
EndGlobal
