
Microsoft Visual Studio Solution File, Format Version 12.00
# Visual Studio Version 17
VisualStudioVersion = 17.1.32328.378
MinimumVisualStudioVersion = 10.0.40219.1
Project("{FAE04EC0-301F-11D3-BF4B-00C04F79EFBC}") = "Login", "Login\Login.csproj", "{23351C4B-6BA3-4CEA-AB03-EF6D8B21B1ED}"
EndProject
Global
	GlobalSection(SolutionConfigurationPlatforms) = preSolution
		Debug|Any CPU = Debug|Any CPU
		Release|Any CPU = Release|Any CPU
	EndGlobalSection
	GlobalSection(ProjectConfigurationPlatforms) = postSolution
		{23351C4B-6BA3-4CEA-AB03-EF6D8B21B1ED}.Debug|Any CPU.ActiveCfg = Debug|Any CPU
		{23351C4B-6BA3-4CEA-AB03-EF6D8B21B1ED}.Debug|Any CPU.Build.0 = Debug|Any CPU
		{23351C4B-6BA3-4CEA-AB03-EF6D8B21B1ED}.Release|Any CPU.ActiveCfg = Release|Any CPU
		{23351C4B-6BA3-4CEA-AB03-EF6D8B21B1ED}.Release|Any CPU.Build.0 = Release|Any CPU
	EndGlobalSection
	GlobalSection(SolutionProperties) = preSolution
		HideSolutionNode = FALSE
	EndGlobalSection
	GlobalSection(ExtensibilityGlobals) = postSolution
		SolutionGuid = {ACA4646B-A481-489F-8A8E-27B8FF563332}
	EndGlobalSection
EndGlobal
