
Microsoft Visual Studio Solution File, Format Version 12.00
# Visual Studio Version 17
VisualStudioVersion = 17.1.32210.238
MinimumVisualStudioVersion = 10.0.40219.1
Project("{FAE04EC0-301F-11D3-BF4B-00C04F79EFBC}") = "Numeros Multiplos De Tres", "Numeros Multiplos De Tres\Numeros Multiplos De Tres.csproj", "{7CD764E2-F245-4BBF-8229-0A1D9B0A88FA}"
EndProject
Global
	GlobalSection(SolutionConfigurationPlatforms) = preSolution
		Debug|Any CPU = Debug|Any CPU
		Release|Any CPU = Release|Any CPU
	EndGlobalSection
	GlobalSection(ProjectConfigurationPlatforms) = postSolution
		{7CD764E2-F245-4BBF-8229-0A1D9B0A88FA}.Debug|Any CPU.ActiveCfg = Debug|Any CPU
		{7CD764E2-F245-4BBF-8229-0A1D9B0A88FA}.Debug|Any CPU.Build.0 = Debug|Any CPU
		{7CD764E2-F245-4BBF-8229-0A1D9B0A88FA}.Release|Any CPU.ActiveCfg = Release|Any CPU
		{7CD764E2-F245-4BBF-8229-0A1D9B0A88FA}.Release|Any CPU.Build.0 = Release|Any CPU
	EndGlobalSection
	GlobalSection(SolutionProperties) = preSolution
		HideSolutionNode = FALSE
	EndGlobalSection
	GlobalSection(ExtensibilityGlobals) = postSolution
		SolutionGuid = {3F9C7168-B4E4-48E5-83DB-FDC5D10D7C50}
	EndGlobalSection
EndGlobal
