
Microsoft Visual Studio Solution File, Format Version 12.00
# Visual Studio Version 17
VisualStudioVersion = 17.1.32421.90
MinimumVisualStudioVersion = 10.0.40219.1
Project("{FAE04EC0-301F-11D3-BF4B-00C04F79EFBC}") = "PROYECTO FINAL ESTRUCTURA DE DATOS", "PROYECTO FINAL ESTRUCTURA DE DATOS\PROYECTO FINAL ESTRUCTURA DE DATOS.csproj", "{F57580AF-044F-4D73-838E-003074B63AA5}"
EndProject
Global
	GlobalSection(SolutionConfigurationPlatforms) = preSolution
		Debug|Any CPU = Debug|Any CPU
		Release|Any CPU = Release|Any CPU
	EndGlobalSection
	GlobalSection(ProjectConfigurationPlatforms) = postSolution
		{F57580AF-044F-4D73-838E-003074B63AA5}.Debug|Any CPU.ActiveCfg = Debug|Any CPU
		{F57580AF-044F-4D73-838E-003074B63AA5}.Debug|Any CPU.Build.0 = Debug|Any CPU
		{F57580AF-044F-4D73-838E-003074B63AA5}.Release|Any CPU.ActiveCfg = Release|Any CPU
		{F57580AF-044F-4D73-838E-003074B63AA5}.Release|Any CPU.Build.0 = Release|Any CPU
	EndGlobalSection
	GlobalSection(SolutionProperties) = preSolution
		HideSolutionNode = FALSE
	EndGlobalSection
	GlobalSection(ExtensibilityGlobals) = postSolution
		SolutionGuid = {95FBC3D7-F6E7-4FFD-80F4-4482B663C70B}
	EndGlobalSection
EndGlobal
