
Microsoft Visual Studio Solution File, Format Version 12.00
# Visual Studio Version 17
VisualStudioVersion = 17.3.32922.545
MinimumVisualStudioVersion = 10.0.40219.1
Project("{FAE04EC0-301F-11D3-BF4B-00C04F79EFBC}") = "Informacion", "Informacion\Informacion.csproj", "{2486560B-490B-41D6-AB6C-407FC01B0E81}"
EndProject
Global
	GlobalSection(SolutionConfigurationPlatforms) = preSolution
		Debug|Any CPU = Debug|Any CPU
		Release|Any CPU = Release|Any CPU
	EndGlobalSection
	GlobalSection(ProjectConfigurationPlatforms) = postSolution
		{2486560B-490B-41D6-AB6C-407FC01B0E81}.Debug|Any CPU.ActiveCfg = Debug|Any CPU
		{2486560B-490B-41D6-AB6C-407FC01B0E81}.Debug|Any CPU.Build.0 = Debug|Any CPU
		{2486560B-490B-41D6-AB6C-407FC01B0E81}.Release|Any CPU.ActiveCfg = Release|Any CPU
		{2486560B-490B-41D6-AB6C-407FC01B0E81}.Release|Any CPU.Build.0 = Release|Any CPU
	EndGlobalSection
	GlobalSection(SolutionProperties) = preSolution
		HideSolutionNode = FALSE
	EndGlobalSection
	GlobalSection(ExtensibilityGlobals) = postSolution
		SolutionGuid = {4A95CF09-4700-4651-98D7-26D3A10E9CA2}
	EndGlobalSection
EndGlobal
