
Microsoft Visual Studio Solution File, Format Version 12.00
# Visual Studio Version 17
VisualStudioVersion = 17.3.32804.467
MinimumVisualStudioVersion = 10.0.40219.1
Project("{FAE04EC0-301F-11D3-BF4B-00C04F79EFBC}") = "Archivos Planos", "Archivos Planos\Archivos Planos.csproj", "{3DE08461-C5A0-4734-A6B6-71A7B871163B}"
EndProject
Global
	GlobalSection(SolutionConfigurationPlatforms) = preSolution
		Debug|Any CPU = Debug|Any CPU
		Release|Any CPU = Release|Any CPU
	EndGlobalSection
	GlobalSection(ProjectConfigurationPlatforms) = postSolution
		{3DE08461-C5A0-4734-A6B6-71A7B871163B}.Debug|Any CPU.ActiveCfg = Debug|Any CPU
		{3DE08461-C5A0-4734-A6B6-71A7B871163B}.Debug|Any CPU.Build.0 = Debug|Any CPU
		{3DE08461-C5A0-4734-A6B6-71A7B871163B}.Release|Any CPU.ActiveCfg = Release|Any CPU
		{3DE08461-C5A0-4734-A6B6-71A7B871163B}.Release|Any CPU.Build.0 = Release|Any CPU
	EndGlobalSection
	GlobalSection(SolutionProperties) = preSolution
		HideSolutionNode = FALSE
	EndGlobalSection
	GlobalSection(ExtensibilityGlobals) = postSolution
		SolutionGuid = {DA1C3AC0-2AAB-48CB-8B74-CC54839E1C1D}
	EndGlobalSection
EndGlobal
